# @generated - this file is auto-generated by `mise lock` https://mise.en.dev/dev-tools/mise-lock.html

[[tools.aws-cli]]
version = "2.35.9"
backend = "aqua:aws/aws-cli"

[tools.aws-cli."platforms.linux-arm64"]
url = "https://awscli.amazonaws.com/awscli-exe-linux-aarch64-2.35.9.zip"

[tools.aws-cli."platforms.linux-arm64-musl"]
url = "https://awscli.amazonaws.com/awscli-exe-linux-aarch64-2.35.9.zip"

[tools.aws-cli."platforms.linux-x64"]
url = "https://awscli.amazonaws.com/awscli-exe-linux-x86_64-2.35.9.zip"

[tools.aws-cli."platforms.linux-x64-musl"]
url = "https://awscli.amazonaws.com/awscli-exe-linux-x86_64-2.35.9.zip"

[tools.aws-cli."platforms.macos-arm64"]
url = "https://awscli.amazonaws.com/AWSCLIV2-2.35.9.pkg"

[tools.aws-cli."platforms.macos-x64"]
url = "https://awscli.amazonaws.com/AWSCLIV2-2.35.9.pkg"

[[tools.carapace]]
version = "1.7.3"
backend = "aqua:carapace-sh/carapace-bin"

[tools.carapace."platforms.linux-arm64"]
checksum = "sha256:b2456cb09d77004db87de2567d6d7588a61ceb4724522c463e2b1c1f87b4d4b9"
url = "https://github.com/carapace-sh/carapace-bin/releases/download/v1.7.3/carapace-bin_1.7.3_linux_arm64.tar.gz"

[tools.carapace."platforms.linux-arm64-musl"]
checksum = "sha256:b2456cb09d77004db87de2567d6d7588a61ceb4724522c463e2b1c1f87b4d4b9"
url = "https://github.com/carapace-sh/carapace-bin/releases/download/v1.7.3/carapace-bin_1.7.3_linux_arm64.tar.gz"

[tools.carapace."platforms.linux-x64"]
checksum = "sha256:35ab52bfe7bdd8296d90c3687660bde80497599badde840ab615d2f421f5f053"
url = "https://github.com/carapace-sh/carapace-bin/releases/download/v1.7.3/carapace-bin_1.7.3_linux_amd64.tar.gz"

[tools.carapace."platforms.linux-x64-musl"]
checksum = "sha256:35ab52bfe7bdd8296d90c3687660bde80497599badde840ab615d2f421f5f053"
url = "https://github.com/carapace-sh/carapace-bin/releases/download/v1.7.3/carapace-bin_1.7.3_linux_amd64.tar.gz"

[tools.carapace."platforms.macos-arm64"]
checksum = "sha256:a7e79d8787ffc63c26568e8d8256d12df91f5cda0d9dc83d50e90b8567028a9d"
url = "https://github.com/carapace-sh/carapace-bin/releases/download/v1.7.3/carapace-bin_1.7.3_darwin_arm64.tar.gz"

[tools.carapace."platforms.macos-x64"]
checksum = "sha256:23649b6a52bd68d00e8b88e95afadac09e9450fa49b49a95fcabd81b387de4b6"
url = "https://github.com/carapace-sh/carapace-bin/releases/download/v1.7.3/carapace-bin_1.7.3_darwin_amd64.tar.gz"

[tools.carapace."platforms.windows-x64"]
checksum = "sha256:c25e6f88bcb13ab44cb977db07f2b878bf140c397a3fd5582ce5bfb4d2143303"
url = "https://github.com/carapace-sh/carapace-bin/releases/download/v1.7.3/carapace-bin_1.7.3_windows_amd64.zip"

[[tools.conftest]]
version = "0.68.2"
backend = "aqua:open-policy-agent/conftest"

[tools.conftest."platforms.linux-arm64"]
checksum = "sha256:4005441089655ded475384cb87d57762ae08ebef78305bada49c70530d2f4184"
url = "https://github.com/open-policy-agent/conftest/releases/download/v0.68.2/conftest_0.68.2_Linux_arm64.tar.gz"

[tools.conftest."platforms.linux-arm64-musl"]
checksum = "sha256:4005441089655ded475384cb87d57762ae08ebef78305bada49c70530d2f4184"
url = "https://github.com/open-policy-agent/conftest/releases/download/v0.68.2/conftest_0.68.2_Linux_arm64.tar.gz"

[tools.conftest."platforms.linux-x64"]
checksum = "sha256:e8144c6d6d2ae0260b869caa60c7c262a1f95ac63ec1e5d2fb19be452d606347"
url = "https://github.com/open-policy-agent/conftest/releases/download/v0.68.2/conftest_0.68.2_Linux_x86_64.tar.gz"

[tools.conftest."platforms.linux-x64-musl"]
checksum = "sha256:e8144c6d6d2ae0260b869caa60c7c262a1f95ac63ec1e5d2fb19be452d606347"
url = "https://github.com/open-policy-agent/conftest/releases/download/v0.68.2/conftest_0.68.2_Linux_x86_64.tar.gz"

[tools.conftest."platforms.macos-arm64"]
checksum = "sha256:cdb5445179e0cc42906e2b0233694900f272a501878d416a9c875b1f7bdfd34c"
url = "https://github.com/open-policy-agent/conftest/releases/download/v0.68.2/conftest_0.68.2_Darwin_arm64.tar.gz"

[tools.conftest."platforms.macos-x64"]
checksum = "sha256:7682c54243d2c16579589f55aac47c51389d26f103f828902880288ba7f0605e"
url = "https://github.com/open-policy-agent/conftest/releases/download/v0.68.2/conftest_0.68.2_Darwin_x86_64.tar.gz"

[tools.conftest."platforms.windows-x64"]
checksum = "sha256:66a88d02e6c03a714e9f0751c3d86ee9c5591739c367ca1b79c4f9f2f90ac4cb"
url = "https://github.com/open-policy-agent/conftest/releases/download/v0.68.2/conftest_0.68.2_Windows_x86_64.zip"

[[tools.gh]]
version = "2.92.0"
backend = "aqua:cli/cli"

[tools.gh."platforms.linux-arm64"]
checksum = "sha256:c2248526dd0160c08d3fccca2332c3c1a07c15a78b23978e77735f1b5a18cfee"
url = "https://github.com/cli/cli/releases/download/v2.92.0/gh_2.92.0_linux_arm64.tar.gz"
provenance = "github-attestations"

[tools.gh."platforms.linux-arm64-musl"]
checksum = "sha256:c2248526dd0160c08d3fccca2332c3c1a07c15a78b23978e77735f1b5a18cfee"
url = "https://github.com/cli/cli/releases/download/v2.92.0/gh_2.92.0_linux_arm64.tar.gz"
provenance = "github-attestations"

[tools.gh."platforms.linux-x64"]
checksum = "sha256:b57848131bdf0c229cd35e1f2a51aa718199858b2e728410b37e89a428943ec4"
url = "https://github.com/cli/cli/releases/download/v2.92.0/gh_2.92.0_linux_amd64.tar.gz"
provenance = "github-attestations"

[tools.gh."platforms.linux-x64-musl"]
checksum = "sha256:b57848131bdf0c229cd35e1f2a51aa718199858b2e728410b37e89a428943ec4"
url = "https://github.com/cli/cli/releases/download/v2.92.0/gh_2.92.0_linux_amd64.tar.gz"
provenance = "github-attestations"

[tools.gh."platforms.macos-arm64"]
checksum = "sha256:b11c54f6bd7d15ed6590475079e5b2fcf36f45d3991a80041b29c9d0cc1f1d07"
url = "https://github.com/cli/cli/releases/download/v2.92.0/gh_2.92.0_macOS_arm64.zip"
provenance = "github-attestations"

[tools.gh."platforms.macos-x64"]
checksum = "sha256:ae9bb327ab0d91071bdada79f8f14034a2a0f19b0e001835a782eafa519d2af0"
url = "https://github.com/cli/cli/releases/download/v2.92.0/gh_2.92.0_macOS_amd64.zip"
provenance = "github-attestations"

[tools.gh."platforms.windows-x64"]
checksum = "sha256:b6a8df3c8c6b9c80f290906387673bc4d272840f3789c5650e0e4e6e75522785"
url = "https://github.com/cli/cli/releases/download/v2.92.0/gh_2.92.0_windows_amd64.zip"
provenance = "github-attestations"

[[tools.ghq]]
version = "1.10.1"
backend = "aqua:x-motemen/ghq"

[tools.ghq."platforms.linux-arm64"]
checksum = "sha256:7ed154f62751e91c8a2d415280caeeba3d114050d01e39f3d0f4aa1be15f3954"
url = "https://github.com/x-motemen/ghq/releases/download/v1.10.1/ghq_linux_arm64.zip"

[tools.ghq."platforms.linux-arm64-musl"]
checksum = "sha256:7ed154f62751e91c8a2d415280caeeba3d114050d01e39f3d0f4aa1be15f3954"
url = "https://github.com/x-motemen/ghq/releases/download/v1.10.1/ghq_linux_arm64.zip"

[tools.ghq."platforms.linux-x64"]
checksum = "sha256:32e380aa8ac76fdd58758cc06174d9ee5db7270bd0cbcc18138b5d36def91b6b"
url = "https://github.com/x-motemen/ghq/releases/download/v1.10.1/ghq_linux_amd64.zip"

[tools.ghq."platforms.linux-x64-musl"]
checksum = "sha256:32e380aa8ac76fdd58758cc06174d9ee5db7270bd0cbcc18138b5d36def91b6b"
url = "https://github.com/x-motemen/ghq/releases/download/v1.10.1/ghq_linux_amd64.zip"

[tools.ghq."platforms.macos-arm64"]
checksum = "sha256:5e3100de0c5a248eebe6ab176ad94d6e12386af70a58c535368a4301861b1398"
url = "https://github.com/x-motemen/ghq/releases/download/v1.10.1/ghq_darwin_arm64.zip"

[tools.ghq."platforms.macos-x64"]
checksum = "sha256:491e88380b817eee3ab5a3aa09dbe8491b9495a0ffc5223b60e7f4679a97a8eb"
url = "https://github.com/x-motemen/ghq/releases/download/v1.10.1/ghq_darwin_amd64.zip"

[tools.ghq."platforms.windows-x64"]
checksum = "sha256:a526da44d5f67250598fa95e5654815e9f672b2c05d1d98c28bce0e60d3cfa6c"
url = "https://github.com/x-motemen/ghq/releases/download/v1.10.1/ghq_windows_amd64.zip"

[[tools.java]]
version = "21.0.10+7.0.LTS"
backend = "core:java"

[tools.java.options]
shorthand_vendor = "temurin"

[tools.java."platforms.linux-arm64"]
checksum = "sha256:357fee29fb0d5c079f6730db98b28942df13a6eed426f6c61cd4ad703ab27b9a"
url = "https://github.com/adoptium/temurin21-binaries/releases/download/jdk-21.0.10%2B7/OpenJDK21U-jdk_aarch64_linux_hotspot_21.0.10_7.tar.gz"

[tools.java."platforms.linux-arm64-musl"]
checksum = "sha256:19eba6c3877612157ef1f46deb92745b4567cfcd64b79f15449c68cd2b7501e3"
url = "https://github.com/adoptium/temurin21-binaries/releases/download/jdk-21.0.10%2B7/OpenJDK21U-jdk_aarch64_alpine-linux_hotspot_21.0.10_7.tar.gz"

[tools.java."platforms.linux-x64"]
checksum = "sha256:ea3b9bd464d6dd253e9a7accf59f7ccd2a36e4aa69640b7251e3370caef896a4"
url = "https://github.com/adoptium/temurin21-binaries/releases/download/jdk-21.0.10%2B7/OpenJDK21U-jdk_x64_linux_hotspot_21.0.10_7.tar.gz"

[tools.java."platforms.linux-x64-musl"]
checksum = "sha256:8eb39f442c3c603e414af43844b419a9b5d4f3fe221181f323aa4eec1bd20cf8"
url = "https://github.com/adoptium/temurin21-binaries/releases/download/jdk-21.0.10%2B7/OpenJDK21U-jdk_x64_alpine-linux_hotspot_21.0.10_7.tar.gz"

[tools.java."platforms.macos-arm64"]
checksum = "sha256:01ca390455216ca27bdddf8cfad51aaedb4f90e1e23aad9bfd9e90caaa2c5f1b"
url = "https://github.com/adoptium/temurin21-binaries/releases/download/jdk-21.0.10%2B7/OpenJDK21U-jdk_aarch64_mac_hotspot_21.0.10_7.tar.gz"

[tools.java."platforms.macos-x64"]
checksum = "sha256:7484d5d4cdb02fc17a842ab86ddac2524a0365066659c46b2e258c64152379cd"
url = "https://github.com/adoptium/temurin21-binaries/releases/download/jdk-21.0.10%2B7/OpenJDK21U-jdk_x64_mac_hotspot_21.0.10_7.tar.gz"

[tools.java."platforms.windows-x64"]
checksum = "sha256:08cae782814f027f8b159d6b68823f0f87422eb475c1a0ea1abc7a4357aaf11f"
url = "https://github.com/adoptium/temurin21-binaries/releases/download/jdk-21.0.10%2B7/OpenJDK21U-jdk_x64_windows_hotspot_21.0.10_7.zip"

[[tools.jq]]
version = "1.8.1"
backend = "aqua:jqlang/jq"

[tools.jq."platforms.linux-arm64"]
checksum = "sha256:6bc62f25981328edd3cfcfe6fe51b073f2d7e7710d7ef7fcdac28d4e384fc3d4"
url = "https://github.com/jqlang/jq/releases/download/jq-1.8.1/jq-linux-arm64"
provenance = "github-attestations"

[tools.jq."platforms.linux-arm64-musl"]
checksum = "sha256:6bc62f25981328edd3cfcfe6fe51b073f2d7e7710d7ef7fcdac28d4e384fc3d4"
url = "https://github.com/jqlang/jq/releases/download/jq-1.8.1/jq-linux-arm64"
provenance = "github-attestations"

[tools.jq."platforms.linux-x64"]
checksum = "sha256:020468de7539ce70ef1bceaf7cde2e8c4f2ca6c3afb84642aabc5c97d9fc2a0d"
url = "https://github.com/jqlang/jq/releases/download/jq-1.8.1/jq-linux-amd64"
provenance = "github-attestations"

[tools.jq."platforms.linux-x64-musl"]
checksum = "sha256:020468de7539ce70ef1bceaf7cde2e8c4f2ca6c3afb84642aabc5c97d9fc2a0d"
url = "https://github.com/jqlang/jq/releases/download/jq-1.8.1/jq-linux-amd64"
provenance = "github-attestations"

[tools.jq."platforms.macos-arm64"]
checksum = "sha256:a9fe3ea2f86dfc72f6728417521ec9067b343277152b114f4e98d8cb0e263603"
url = "https://github.com/jqlang/jq/releases/download/jq-1.8.1/jq-macos-arm64"
provenance = "github-attestations"

[tools.jq."platforms.macos-x64"]
checksum = "sha256:e80dbe0d2a2597e3c11c404f03337b981d74b4a8504b70586c354b7697a7c27f"
url = "https://github.com/jqlang/jq/releases/download/jq-1.8.1/jq-macos-amd64"
provenance = "github-attestations"

[tools.jq."platforms.windows-x64"]
checksum = "sha256:23cb60a1354eed6bcc8d9b9735e8c7b388cd1fdcb75726b93bc299ef22dd9334"
url = "https://github.com/jqlang/jq/releases/download/jq-1.8.1/jq-windows-amd64.exe"
provenance = "github-attestations"

[[tools.just]]
version = "1.50.0"
backend = "aqua:casey/just"

[tools.just."platforms.linux-arm64"]
checksum = "sha256:3beb4967ce05883cf09ac12d6d128166eb4c6d0b03eff74b61018a6880655d7d"
url = "https://github.com/casey/just/releases/download/1.50.0/just-1.50.0-aarch64-unknown-linux-musl.tar.gz"

[tools.just."platforms.linux-arm64-musl"]
checksum = "sha256:3beb4967ce05883cf09ac12d6d128166eb4c6d0b03eff74b61018a6880655d7d"
url = "https://github.com/casey/just/releases/download/1.50.0/just-1.50.0-aarch64-unknown-linux-musl.tar.gz"

[tools.just."platforms.linux-x64"]
checksum = "sha256:27e011cd6328fadd632e59233d2cf5f18460b8a8c4269acd324c1a8669f34db0"
url = "https://github.com/casey/just/releases/download/1.50.0/just-1.50.0-x86_64-unknown-linux-musl.tar.gz"

[tools.just."platforms.linux-x64-musl"]
checksum = "sha256:27e011cd6328fadd632e59233d2cf5f18460b8a8c4269acd324c1a8669f34db0"
url = "https://github.com/casey/just/releases/download/1.50.0/just-1.50.0-x86_64-unknown-linux-musl.tar.gz"

[tools.just."platforms.macos-arm64"]
checksum = "sha256:891262207663bff1aa422dbe799a76deae4064eaa445f14eb28aef7a388222cd"
url = "https://github.com/casey/just/releases/download/1.50.0/just-1.50.0-aarch64-apple-darwin.tar.gz"

[tools.just."platforms.macos-x64"]
checksum = "sha256:e4fa28fe63381ca32fad101e86d4a1da7cd2d34d1b080985a37ec9dc951922fe"
url = "https://github.com/casey/just/releases/download/1.50.0/just-1.50.0-x86_64-apple-darwin.tar.gz"

[tools.just."platforms.windows-x64"]
checksum = "sha256:5dc713f049e174e22de41fd06292a26c9b90f2d37c1be9390d2082fe6928b376"
url = "https://github.com/casey/just/releases/download/1.50.0/just-1.50.0-x86_64-pc-windows-msvc.zip"

[[tools.node]]
version = "24.13.0"
backend = "core:node"

[tools.node."platforms.linux-arm64"]
checksum = "sha256:0f6d40b94c6a2eb6b4c240ffc8b9fd3ada7ab044c177dd413c06e1ef9a63f081"
url = "https://nodejs.org/dist/v24.13.0/node-v24.13.0-linux-arm64.tar.gz"

[tools.node."platforms.linux-arm64-musl"]
checksum = "sha256:0f6d40b94c6a2eb6b4c240ffc8b9fd3ada7ab044c177dd413c06e1ef9a63f081"
url = "https://nodejs.org/dist/v24.13.0/node-v24.13.0-linux-arm64.tar.gz"

[tools.node."platforms.linux-x64"]
checksum = "sha256:6223aad1a81f9d1e7b682c59d12e2de233f7b4c37475cd40d1c89c42b737ffa8"
url = "https://nodejs.org/dist/v24.13.0/node-v24.13.0-linux-x64.tar.gz"

[tools.node."platforms.linux-x64-musl"]
checksum = "sha256:6223aad1a81f9d1e7b682c59d12e2de233f7b4c37475cd40d1c89c42b737ffa8"
url = "https://nodejs.org/dist/v24.13.0/node-v24.13.0-linux-x64.tar.gz"

[tools.node."platforms.macos-arm64"]
checksum = "sha256:d595961e563fcae057d4a0fb992f175a54d97fcc4a14dc2d474d92ddeea3b9f8"
url = "https://nodejs.org/dist/v24.13.0/node-v24.13.0-darwin-arm64.tar.gz"

[tools.node."platforms.macos-x64"]
checksum = "sha256:6f03c1b48ddbe1b129a6f8038be08e0899f05f17185b4d3e4350180ab669a7f3"
url = "https://nodejs.org/dist/v24.13.0/node-v24.13.0-darwin-x64.tar.gz"

[tools.node."platforms.windows-x64"]
checksum = "sha256:ca2742695be8de44027d71b3f53a4bdb36009b95575fe1ae6f7f0b5ce091cb88"
url = "https://nodejs.org/dist/v24.13.0/node-v24.13.0-win-x64.zip"

[[tools.opentofu]]
version = "1.12.3"
backend = "aqua:opentofu/opentofu"

[tools.opentofu."platforms.linux-arm64"]
checksum = "sha256:98861dad4ac08882dcf255fe5d48bed7deddc34e8d6544f8690c65212320ad64"
url = "https://github.com/opentofu/opentofu/releases/download/v1.12.3/tofu_1.12.3_linux_arm64.tar.gz"

[tools.opentofu."platforms.linux-arm64-musl"]
checksum = "sha256:98861dad4ac08882dcf255fe5d48bed7deddc34e8d6544f8690c65212320ad64"
url = "https://github.com/opentofu/opentofu/releases/download/v1.12.3/tofu_1.12.3_linux_arm64.tar.gz"

[tools.opentofu."platforms.linux-x64"]
checksum = "sha256:f87d45408dcbb963ddbe10b2f75e55b3495310556e05c35765dfd5913551f182"
url = "https://github.com/opentofu/opentofu/releases/download/v1.12.3/tofu_1.12.3_linux_amd64.tar.gz"

[tools.opentofu."platforms.linux-x64-musl"]
checksum = "sha256:f87d45408dcbb963ddbe10b2f75e55b3495310556e05c35765dfd5913551f182"
url = "https://github.com/opentofu/opentofu/releases/download/v1.12.3/tofu_1.12.3_linux_amd64.tar.gz"

[tools.opentofu."platforms.macos-arm64"]
checksum = "sha256:0c8ddee4294f7cea34d82b122fa805febce41d21905a54dc9ce9f79ee8145284"
url = "https://github.com/opentofu/opentofu/releases/download/v1.12.3/tofu_1.12.3_darwin_arm64.tar.gz"

[tools.opentofu."platforms.macos-x64"]
checksum = "sha256:e4d5fa86cfbe7eb8b56ec19e4c7e0bc7885845ca4e4a955c49d184ae82c62ab2"
url = "https://github.com/opentofu/opentofu/releases/download/v1.12.3/tofu_1.12.3_darwin_amd64.tar.gz"

[tools.opentofu."platforms.windows-x64"]
checksum = "sha256:34ddbab9eb07a72ea5cf36d98d97ce1931242cb89693cbf5dce06d65ba37d8cc"
url = "https://github.com/opentofu/opentofu/releases/download/v1.12.3/tofu_1.12.3_windows_amd64.tar.gz"

[[tools.peco]]
version = "0.6.0"
backend = "aqua:peco/peco"

[tools.peco."platforms.linux-arm64"]
checksum = "sha256:035184a97026f79dbc6571a3bf5f74586c523e4485c034322e93820e3f135494"
url = "https://github.com/peco/peco/releases/download/v0.6.0/peco_0.6.0_linux_arm64.tar.gz"

[tools.peco."platforms.linux-arm64-musl"]
checksum = "sha256:035184a97026f79dbc6571a3bf5f74586c523e4485c034322e93820e3f135494"
url = "https://github.com/peco/peco/releases/download/v0.6.0/peco_0.6.0_linux_arm64.tar.gz"

[tools.peco."platforms.linux-x64"]
checksum = "sha256:93d4418ab1261eb723a1f614c2e652c9e912885cff7d969f913c0686459c62e8"
url = "https://github.com/peco/peco/releases/download/v0.6.0/peco_0.6.0_linux_amd64.tar.gz"

[tools.peco."platforms.linux-x64-musl"]
checksum = "sha256:93d4418ab1261eb723a1f614c2e652c9e912885cff7d969f913c0686459c62e8"
url = "https://github.com/peco/peco/releases/download/v0.6.0/peco_0.6.0_linux_amd64.tar.gz"

[tools.peco."platforms.macos-arm64"]
checksum = "sha256:778a4ed7b254294451b5ec1695097e72ce0c70b2e753ee32bfde2158a72c4ed7"
url = "https://github.com/peco/peco/releases/download/v0.6.0/peco_0.6.0_darwin_arm64.zip"

[tools.peco."platforms.macos-x64"]
checksum = "sha256:89db4861044958f0ebe349b5009137fa8323390b6ff5c19f2ccbb578a6b03e54"
url = "https://github.com/peco/peco/releases/download/v0.6.0/peco_0.6.0_darwin_amd64.zip"

[tools.peco."platforms.windows-x64"]
checksum = "sha256:5bd9aa4bc02338a6ec8ab1ef212c7b2e54c23e2416254c7681f03e9fa6857863"
url = "https://github.com/peco/peco/releases/download/v0.6.0/peco_0.6.0_windows_amd64.zip"

[[tools.popeye]]
version = "0.22.1"
backend = "aqua:derailed/popeye"

[tools.popeye."platforms.linux-arm64"]
checksum = "sha256:5188b0b521966113580f0fef7769173af6303061dee10df247536f9bb55fe988"
url = "https://github.com/derailed/popeye/releases/download/v0.22.1/popeye_linux_arm64.tar.gz"

[tools.popeye."platforms.linux-arm64-musl"]
checksum = "sha256:5188b0b521966113580f0fef7769173af6303061dee10df247536f9bb55fe988"
url = "https://github.com/derailed/popeye/releases/download/v0.22.1/popeye_linux_arm64.tar.gz"

[tools.popeye."platforms.linux-x64"]
checksum = "sha256:d58a3c0ba45805d452c32628320eecdcb5172fd5f42c82e12aeecc7a17eb930b"
url = "https://github.com/derailed/popeye/releases/download/v0.22.1/popeye_linux_amd64.tar.gz"

[tools.popeye."platforms.linux-x64-musl"]
checksum = "sha256:d58a3c0ba45805d452c32628320eecdcb5172fd5f42c82e12aeecc7a17eb930b"
url = "https://github.com/derailed/popeye/releases/download/v0.22.1/popeye_linux_amd64.tar.gz"

[tools.popeye."platforms.macos-arm64"]
checksum = "sha256:71dc8b8dc7d7cad60f9c377d4bb22a0ef5bac189c617951ebc20343f83a6704d"
url = "https://github.com/derailed/popeye/releases/download/v0.22.1/popeye_darwin_arm64.tar.gz"

[tools.popeye."platforms.macos-x64"]
checksum = "sha256:3dafce865dd778e2501ccbfd53fcbeecfc3244a43d4d1b02446064e39ac58d4e"
url = "https://github.com/derailed/popeye/releases/download/v0.22.1/popeye_darwin_amd64.tar.gz"

[tools.popeye."platforms.windows-x64"]
checksum = "sha256:fa5c155d65313e93985bdb7ed1a79fb0e310b7868848dfaf381ea081f349dacc"
url = "https://github.com/derailed/popeye/releases/download/v0.22.1/popeye_windows_amd64.tar.gz"

[[tools.python]]
version = "3.14.3"
backend = "core:python"

[tools.python."platforms.linux-arm64"]
checksum = "sha256:53700338695e402a1a1fe22be4a41fbdacc70e22bb308a48eca8ed67cb7992be"
url = "https://github.com/astral-sh/python-build-standalone/releases/download/20260324/cpython-3.14.3+20260324-aarch64-unknown-linux-gnu-install_only_stripped.tar.gz"

[tools.python."platforms.linux-arm64-musl"]
checksum = "sha256:53700338695e402a1a1fe22be4a41fbdacc70e22bb308a48eca8ed67cb7992be"
url = "https://github.com/astral-sh/python-build-standalone/releases/download/20260324/cpython-3.14.3+20260324-aarch64-unknown-linux-gnu-install_only_stripped.tar.gz"

[tools.python."platforms.linux-x64"]
checksum = "sha256:d7a9f970914bb4c88756fe3bdcc186d4feb90e9500e54f1db47dae4dc9687e39"
url = "https://github.com/astral-sh/python-build-standalone/releases/download/20260324/cpython-3.14.3+20260324-x86_64-unknown-linux-gnu-install_only_stripped.tar.gz"

[tools.python."platforms.linux-x64-musl"]
checksum = "sha256:d7a9f970914bb4c88756fe3bdcc186d4feb90e9500e54f1db47dae4dc9687e39"
url = "https://github.com/astral-sh/python-build-standalone/releases/download/20260324/cpython-3.14.3+20260324-x86_64-unknown-linux-gnu-install_only_stripped.tar.gz"

[tools.python."platforms.macos-arm64"]
checksum = "sha256:c43aecde4a663aebff99b9b83da0efec506479f1c3f98331442f33d2c43501f9"
url = "https://github.com/astral-sh/python-build-standalone/releases/download/20260324/cpython-3.14.3+20260324-aarch64-apple-darwin-install_only_stripped.tar.gz"

[tools.python."platforms.macos-x64"]
checksum = "sha256:9ab41dbc2f100a2a45d1833b9c11165f51051c558b5213eda9a9731d5948a0c0"
url = "https://github.com/astral-sh/python-build-standalone/releases/download/20260324/cpython-3.14.3+20260324-x86_64-apple-darwin-install_only_stripped.tar.gz"

[tools.python."platforms.windows-x64"]
checksum = "sha256:bbe19034b35b0267176a7442575ae7dc6343480fd4d35598cb7700173d431e09"
url = "https://github.com/astral-sh/python-build-standalone/releases/download/20260324/cpython-3.14.3+20260324-x86_64-pc-windows-msvc-install_only_stripped.tar.gz"

[[tools.shfmt]]
version = "3.13.1"
backend = "aqua:mvdan/sh"

[tools.shfmt."platforms.linux-arm64"]
checksum = "sha256:32d92acaa5cd8abb29fc49dac123dc412442d5713967819d8af2c29f1b3857c7"
url = "https://github.com/mvdan/sh/releases/download/v3.13.1/shfmt_v3.13.1_linux_arm64"

[tools.shfmt."platforms.linux-arm64-musl"]
checksum = "sha256:32d92acaa5cd8abb29fc49dac123dc412442d5713967819d8af2c29f1b3857c7"
url = "https://github.com/mvdan/sh/releases/download/v3.13.1/shfmt_v3.13.1_linux_arm64"

[tools.shfmt."platforms.linux-x64"]
checksum = "sha256:fb096c5d1ac6beabbdbaa2874d025badb03ee07929f0c9ff67563ce8c75398b1"
url = "https://github.com/mvdan/sh/releases/download/v3.13.1/shfmt_v3.13.1_linux_amd64"

[tools.shfmt."platforms.linux-x64-musl"]
checksum = "sha256:fb096c5d1ac6beabbdbaa2874d025badb03ee07929f0c9ff67563ce8c75398b1"
url = "https://github.com/mvdan/sh/releases/download/v3.13.1/shfmt_v3.13.1_linux_amd64"

[tools.shfmt."platforms.macos-arm64"]
checksum = "sha256:9680526be4a66ea1ffe988ed08af58e1400fe1e4f4aef5bd88b20bb9b3da33f8"
url = "https://github.com/mvdan/sh/releases/download/v3.13.1/shfmt_v3.13.1_darwin_arm64"

[tools.shfmt."platforms.macos-x64"]
checksum = "sha256:6feedafc72915794163114f512348e2437d080d0047ef8b8fa2ec63b575f12af"
url = "https://github.com/mvdan/sh/releases/download/v3.13.1/shfmt_v3.13.1_darwin_amd64"

[tools.shfmt."platforms.windows-x64"]
checksum = "sha256:60cd368533d0ad73fa86d93d5bbf95ef40587245ce684ed138c1b31557b5fe97"
url = "https://github.com/mvdan/sh/releases/download/v3.13.1/shfmt_v3.13.1_windows_amd64.exe"

[[tools.uv]]
version = "0.11.10"
backend = "aqua:astral-sh/uv"

[tools.uv."platforms.linux-arm64"]
checksum = "sha256:14c21bef6b54d268c6583d851095a543e6cb03a8e4bdca9a44ab91532b14cbc2"
url = "https://github.com/astral-sh/uv/releases/download/0.11.10/uv-aarch64-unknown-linux-musl.tar.gz"
provenance = "github-attestations"

[tools.uv."platforms.linux-arm64-musl"]
checksum = "sha256:14c21bef6b54d268c6583d851095a543e6cb03a8e4bdca9a44ab91532b14cbc2"
url = "https://github.com/astral-sh/uv/releases/download/0.11.10/uv-aarch64-unknown-linux-musl.tar.gz"
provenance = "github-attestations"

[tools.uv."platforms.linux-x64"]
checksum = "sha256:e3e78e7698d72c133c5ce851a6d60ee83afdc4c0edced382af9fd1f8e11d0105"
url = "https://github.com/astral-sh/uv/releases/download/0.11.10/uv-x86_64-unknown-linux-musl.tar.gz"
provenance = "github-attestations"

[tools.uv."platforms.linux-x64-musl"]
checksum = "sha256:e3e78e7698d72c133c5ce851a6d60ee83afdc4c0edced382af9fd1f8e11d0105"
url = "https://github.com/astral-sh/uv/releases/download/0.11.10/uv-x86_64-unknown-linux-musl.tar.gz"
provenance = "github-attestations"

[tools.uv."platforms.macos-arm64"]
checksum = "sha256:e93d6af7dfff7071edd16342ba9eeccfc28d8a7deaa5707efeecf63a63a74453"
url = "https://github.com/astral-sh/uv/releases/download/0.11.10/uv-aarch64-apple-darwin.tar.gz"
provenance = "github-attestations"

[tools.uv."platforms.macos-x64"]
checksum = "sha256:8fd091211089973f528e147166e3af683ab4ecebd4312a55d0d17d87adbde67a"
url = "https://github.com/astral-sh/uv/releases/download/0.11.10/uv-x86_64-apple-darwin.tar.gz"
provenance = "github-attestations"

[tools.uv."platforms.windows-x64"]
checksum = "sha256:7a0c424c7bc55a74751f13592235953ebbe182fa00355f7ae3fb7ab734a51638"
url = "https://github.com/astral-sh/uv/releases/download/0.11.10/uv-x86_64-pc-windows-msvc.zip"
provenance = "github-attestations"

[[tools.yarn]]
version = "4.14.1"
backend = "vfox:mise-plugins/vfox-yarn"

[[tools.yq]]
version = "4.53.2"
backend = "aqua:mikefarah/yq"

[tools.yq."platforms.linux-arm64"]
checksum = "sha256:03061b2a50c7a498de2bbb92d7cb078ce433011f085a4994117c2726be4106ea"
url = "https://github.com/mikefarah/yq/releases/download/v4.53.2/yq_linux_arm64"

[tools.yq."platforms.linux-arm64-musl"]
checksum = "sha256:03061b2a50c7a498de2bbb92d7cb078ce433011f085a4994117c2726be4106ea"
url = "https://github.com/mikefarah/yq/releases/download/v4.53.2/yq_linux_arm64"

[tools.yq."platforms.linux-x64"]
checksum = "sha256:d56bf5c6819e8e696340c312bd70f849dc1678a7cda9c2ad63eebd906371d56b"
url = "https://github.com/mikefarah/yq/releases/download/v4.53.2/yq_linux_amd64"

[tools.yq."platforms.linux-x64-musl"]
checksum = "sha256:d56bf5c6819e8e696340c312bd70f849dc1678a7cda9c2ad63eebd906371d56b"
url = "https://github.com/mikefarah/yq/releases/download/v4.53.2/yq_linux_amd64"

[tools.yq."platforms.macos-arm64"]
checksum = "sha256:541ba2287560df70f561955e2d7f7e1cd00cf2a15a884f6b5c87a4bfa887bc07"
url = "https://github.com/mikefarah/yq/releases/download/v4.53.2/yq_darwin_arm64"

[tools.yq."platforms.macos-x64"]
checksum = "sha256:616b0a0f6a5b79d746f05a169c2b9bb40dee00c605ef165b9a1c1681bba738ac"
url = "https://github.com/mikefarah/yq/releases/download/v4.53.2/yq_darwin_amd64"

[tools.yq."platforms.windows-x64"]
checksum = "sha256:2aee32f1de46a20672f48c25df3018839798bd509143f2ce05fdab1550ff5592"
url = "https://github.com/mikefarah/yq/releases/download/v4.53.2/yq_windows_amd64.exe"
